
Microsoft Visual Studio Solution File, Format Version 12.00
# Visual Studio 15
VisualStudioVersion = 15.0.28307.539
MinimumVisualStudioVersion = 10.0.40219.1
Project("{FAE04EC0-301F-11D3-BF4B-00C04F79EFBC}") = "RobotApp", "RobotApp\RobotApp.csproj", "{B2CB9922-8DEA-49CF-B729-6145AA6BF270}"
EndProject
Global
	GlobalSection(SolutionConfigurationPlatforms) = preSolution
		Debug|Any CPU = Debug|Any CPU
		Release|Any CPU = Release|Any CPU
	EndGlobalSection
	GlobalSection(ProjectConfigurationPlatforms) = postSolution
		{B2CB9922-8DEA-49CF-B729-6145AA6BF270}.Debug|Any CPU.ActiveCfg = Debug|Any CPU
		{B2CB9922-8DEA-49CF-B729-6145AA6BF270}.Debug|Any CPU.Build.0 = Debug|Any CPU
		{B2CB9922-8DEA-49CF-B729-6145AA6BF270}.Release|Any CPU.ActiveCfg = Release|Any CPU
		{B2CB9922-8DEA-49CF-B729-6145AA6BF270}.Release|Any CPU.Build.0 = Release|Any CPU
	EndGlobalSection
	GlobalSection(SolutionProperties) = preSolution
		HideSolutionNode = FALSE
	EndGlobalSection
	GlobalSection(ExtensibilityGlobals) = postSolution
		SolutionGuid = {062FB238-784A-4640-8671-EAF1CBEE6DCB}
	EndGlobalSection
EndGlobal
